
Microsoft Visual Studio Solution File, Format Version 12.00
# Visual Studio 15
VisualStudioVersion = 15.0.27428.2011
MinimumVisualStudioVersion = 10.0.40219.1
Project("{FAE04EC0-301F-11D3-BF4B-00C04F79EFBC}") = "AbstractFactory", "DesignPatterns\AbstractFactory.csproj", "{0D6479EC-1A43-423F-92F4-9E7B097086DE}"
EndProject
Project("{FAE04EC0-301F-11D3-BF4B-00C04F79EFBC}") = "Builder", "Builder\Builder.csproj", "{C4D40478-1DBC-47D2-BCFB-FBED7E8B9A2B}"
EndProject
Project("{FAE04EC0-301F-11D3-BF4B-00C04F79EFBC}") = "FactoryMethod", "FactoryMethod\FactoryMethod.csproj", "{1DC58BB1-CE31-480E-BBBE-D5A055E11503}"
EndProject
Project("{FAE04EC0-301F-11D3-BF4B-00C04F79EFBC}") = "Prototype", "Prototype\Prototype.csproj", "{3BD780EE-B9F9-4DEC-9F3A-CAE3509A2AF7}"
EndProject
Project("{FAE04EC0-301F-11D3-BF4B-00C04F79EFBC}") = "Singelton", "Singelton\Singelton.csproj", "{C2B57EBF-76DE-45A9-8214-C957FB8D623F}"
EndProject
Project("{FAE04EC0-301F-11D3-BF4B-00C04F79EFBC}") = "Adapter", "Adapter\Adapter.csproj", "{1FB2F48C-3B02-4BB2-8716-C44D94CA9F42}"
EndProject
Project("{FAE04EC0-301F-11D3-BF4B-00C04F79EFBC}") = "Decorator", "Decorator\Decorator.csproj", "{CD3527B3-7731-423D-9837-EAAFA02CF662}"
EndProject
Project("{FAE04EC0-301F-11D3-BF4B-00C04F79EFBC}") = "Facade", "Facade\Facade.csproj", "{AEDCBC53-BCAE-400A-8F78-D439C613940D}"
EndProject
Project("{FAE04EC0-301F-11D3-BF4B-00C04F79EFBC}") = "Composite", "Composite\Composite.csproj", "{387381A9-B618-48BD-B5D5-918397A7AAAE}"
EndProject
Project("{FAE04EC0-301F-11D3-BF4B-00C04F79EFBC}") = "Bridge", "Bridge\Bridge.csproj", "{49952FB3-0E7D-49DE-97F5-7E00BF11ABAE}"
EndProject
Project("{FAE04EC0-301F-11D3-BF4B-00C04F79EFBC}") = "Flyweight", "Flyweight\Flyweight.csproj", "{4A828513-9AB4-4B7D-B238-41C308E197A7}"
EndProject
Project("{FAE04EC0-301F-11D3-BF4B-00C04F79EFBC}") = "Proxy", "Proxy\Proxy.csproj", "{29D257E8-E645-4360-BE5C-4A94D5429112}"
EndProject
Project("{FAE04EC0-301F-11D3-BF4B-00C04F79EFBC}") = "Strategy", "Strategy\Strategy.csproj", "{A4F6930D-16F6-4B7B-A8EE-45E1B37BEC4F}"
EndProject
Project("{FAE04EC0-301F-11D3-BF4B-00C04F79EFBC}") = "Observer", "Observer\Observer.csproj", "{613A745A-A04A-4484-9F0E-DDE197DD2FA3}"
EndProject
Project("{FAE04EC0-301F-11D3-BF4B-00C04F79EFBC}") = "Command", "Command\Command.csproj", "{3EA1AC57-ADB2-414F-9B72-86D5A0CA7F64}"
EndProject
Project("{FAE04EC0-301F-11D3-BF4B-00C04F79EFBC}") = "TemplateMethod", "TemplateMethod\TemplateMethod.csproj", "{15665635-FCD9-43B7-86DE-67881FDCF8CE}"
EndProject
Project("{FAE04EC0-301F-11D3-BF4B-00C04F79EFBC}") = "Iterator", "Iterator\Iterator.csproj", "{F775D42B-3C9B-47B3-93F7-42C72D853308}"
EndProject
Global
	GlobalSection(SolutionConfigurationPlatforms) = preSolution
		Debug|Any CPU = Debug|Any CPU
		Release|Any CPU = Release|Any CPU
	EndGlobalSection
	GlobalSection(ProjectConfigurationPlatforms) = postSolution
		{0D6479EC-1A43-423F-92F4-9E7B097086DE}.Debug|Any CPU.ActiveCfg = Debug|Any CPU
		{0D6479EC-1A43-423F-92F4-9E7B097086DE}.Debug|Any CPU.Build.0 = Debug|Any CPU
		{0D6479EC-1A43-423F-92F4-9E7B097086DE}.Release|Any CPU.ActiveCfg = Release|Any CPU
		{0D6479EC-1A43-423F-92F4-9E7B097086DE}.Release|Any CPU.Build.0 = Release|Any CPU
		{C4D40478-1DBC-47D2-BCFB-FBED7E8B9A2B}.Debug|Any CPU.ActiveCfg = Debug|Any CPU
		{C4D40478-1DBC-47D2-BCFB-FBED7E8B9A2B}.Debug|Any CPU.Build.0 = Debug|Any CPU
		{C4D40478-1DBC-47D2-BCFB-FBED7E8B9A2B}.Release|Any CPU.ActiveCfg = Release|Any CPU
		{C4D40478-1DBC-47D2-BCFB-FBED7E8B9A2B}.Release|Any CPU.Build.0 = Release|Any CPU
		{1DC58BB1-CE31-480E-BBBE-D5A055E11503}.Debug|Any CPU.ActiveCfg = Debug|Any CPU
		{1DC58BB1-CE31-480E-BBBE-D5A055E11503}.Debug|Any CPU.Build.0 = Debug|Any CPU
		{1DC58BB1-CE31-480E-BBBE-D5A055E11503}.Release|Any CPU.ActiveCfg = Release|Any CPU
		{1DC58BB1-CE31-480E-BBBE-D5A055E11503}.Release|Any CPU.Build.0 = Release|Any CPU
		{3BD780EE-B9F9-4DEC-9F3A-CAE3509A2AF7}.Debug|Any CPU.ActiveCfg = Debug|Any CPU
		{3BD780EE-B9F9-4DEC-9F3A-CAE3509A2AF7}.Debug|Any CPU.Build.0 = Debug|Any CPU
		{3BD780EE-B9F9-4DEC-9F3A-CAE3509A2AF7}.Release|Any CPU.ActiveCfg = Release|Any CPU
		{3BD780EE-B9F9-4DEC-9F3A-CAE3509A2AF7}.Release|Any CPU.Build.0 = Release|Any CPU
		{C2B57EBF-76DE-45A9-8214-C957FB8D623F}.Debug|Any CPU.ActiveCfg = Debug|Any CPU
		{C2B57EBF-76DE-45A9-8214-C957FB8D623F}.Debug|Any CPU.Build.0 = Debug|Any CPU
		{C2B57EBF-76DE-45A9-8214-C957FB8D623F}.Release|Any CPU.ActiveCfg = Release|Any CPU
		{C2B57EBF-76DE-45A9-8214-C957FB8D623F}.Release|Any CPU.Build.0 = Release|Any CPU
		{1FB2F48C-3B02-4BB2-8716-C44D94CA9F42}.Debug|Any CPU.ActiveCfg = Debug|Any CPU
		{1FB2F48C-3B02-4BB2-8716-C44D94CA9F42}.Debug|Any CPU.Build.0 = Debug|Any CPU
		{1FB2F48C-3B02-4BB2-8716-C44D94CA9F42}.Release|Any CPU.ActiveCfg = Release|Any CPU
		{1FB2F48C-3B02-4BB2-8716-C44D94CA9F42}.Release|Any CPU.Build.0 = Release|Any CPU
		{CD3527B3-7731-423D-9837-EAAFA02CF662}.Debug|Any CPU.ActiveCfg = Debug|Any CPU
		{CD3527B3-7731-423D-9837-EAAFA02CF662}.Debug|Any CPU.Build.0 = Debug|Any CPU
		{CD3527B3-7731-423D-9837-EAAFA02CF662}.Release|Any CPU.ActiveCfg = Release|Any CPU
		{CD3527B3-7731-423D-9837-EAAFA02CF662}.Release|Any CPU.Build.0 = Release|Any CPU
		{AEDCBC53-BCAE-400A-8F78-D439C613940D}.Debug|Any CPU.ActiveCfg = Debug|Any CPU
		{AEDCBC53-BCAE-400A-8F78-D439C613940D}.Debug|Any CPU.Build.0 = Debug|Any CPU
		{AEDCBC53-BCAE-400A-8F78-D439C613940D}.Release|Any CPU.ActiveCfg = Release|Any CPU
		{AEDCBC53-BCAE-400A-8F78-D439C613940D}.Release|Any CPU.Build.0 = Release|Any CPU
		{387381A9-B618-48BD-B5D5-918397A7AAAE}.Debug|Any CPU.ActiveCfg = Debug|Any CPU
		{387381A9-B618-48BD-B5D5-918397A7AAAE}.Debug|Any CPU.Build.0 = Debug|Any CPU
		{387381A9-B618-48BD-B5D5-918397A7AAAE}.Release|Any CPU.ActiveCfg = Release|Any CPU
		{387381A9-B618-48BD-B5D5-918397A7AAAE}.Release|Any CPU.Build.0 = Release|Any CPU
		{49952FB3-0E7D-49DE-97F5-7E00BF11ABAE}.Debug|Any CPU.ActiveCfg = Debug|Any CPU
		{49952FB3-0E7D-49DE-97F5-7E00BF11ABAE}.Debug|Any CPU.Build.0 = Debug|Any CPU
		{49952FB3-0E7D-49DE-97F5-7E00BF11ABAE}.Release|Any CPU.ActiveCfg = Release|Any CPU
		{49952FB3-0E7D-49DE-97F5-7E00BF11ABAE}.Release|Any CPU.Build.0 = Release|Any CPU
		{4A828513-9AB4-4B7D-B238-41C308E197A7}.Debug|Any CPU.ActiveCfg = Debug|Any CPU
		{4A828513-9AB4-4B7D-B238-41C308E197A7}.Debug|Any CPU.Build.0 = Debug|Any CPU
		{4A828513-9AB4-4B7D-B238-41C308E197A7}.Release|Any CPU.ActiveCfg = Release|Any CPU
		{4A828513-9AB4-4B7D-B238-41C308E197A7}.Release|Any CPU.Build.0 = Release|Any CPU
		{29D257E8-E645-4360-BE5C-4A94D5429112}.Debug|Any CPU.ActiveCfg = Debug|Any CPU
		{29D257E8-E645-4360-BE5C-4A94D5429112}.Debug|Any CPU.Build.0 = Debug|Any CPU
		{29D257E8-E645-4360-BE5C-4A94D5429112}.Release|Any CPU.ActiveCfg = Release|Any CPU
		{29D257E8-E645-4360-BE5C-4A94D5429112}.Release|Any CPU.Build.0 = Release|Any CPU
		{A4F6930D-16F6-4B7B-A8EE-45E1B37BEC4F}.Debug|Any CPU.ActiveCfg = Debug|Any CPU
		{A4F6930D-16F6-4B7B-A8EE-45E1B37BEC4F}.Debug|Any CPU.Build.0 = Debug|Any CPU
		{A4F6930D-16F6-4B7B-A8EE-45E1B37BEC4F}.Release|Any CPU.ActiveCfg = Release|Any CPU
		{A4F6930D-16F6-4B7B-A8EE-45E1B37BEC4F}.Release|Any CPU.Build.0 = Release|Any CPU
		{613A745A-A04A-4484-9F0E-DDE197DD2FA3}.Debug|Any CPU.ActiveCfg = Debug|Any CPU
		{613A745A-A04A-4484-9F0E-DDE197DD2FA3}.Debug|Any CPU.Build.0 = Debug|Any CPU
		{613A745A-A04A-4484-9F0E-DDE197DD2FA3}.Release|Any CPU.ActiveCfg = Release|Any CPU
		{613A745A-A04A-4484-9F0E-DDE197DD2FA3}.Release|Any CPU.Build.0 = Release|Any CPU
		{3EA1AC57-ADB2-414F-9B72-86D5A0CA7F64}.Debug|Any CPU.ActiveCfg = Debug|Any CPU
		{3EA1AC57-ADB2-414F-9B72-86D5A0CA7F64}.Debug|Any CPU.Build.0 = Debug|Any CPU
		{3EA1AC57-ADB2-414F-9B72-86D5A0CA7F64}.Release|Any CPU.ActiveCfg = Release|Any CPU
		{3EA1AC57-ADB2-414F-9B72-86D5A0CA7F64}.Release|Any CPU.Build.0 = Release|Any CPU
		{15665635-FCD9-43B7-86DE-67881FDCF8CE}.Debug|Any CPU.ActiveCfg = Debug|Any CPU
		{15665635-FCD9-43B7-86DE-67881FDCF8CE}.Debug|Any CPU.Build.0 = Debug|Any CPU
		{15665635-FCD9-43B7-86DE-67881FDCF8CE}.Release|Any CPU.ActiveCfg = Release|Any CPU
		{15665635-FCD9-43B7-86DE-67881FDCF8CE}.Release|Any CPU.Build.0 = Release|Any CPU
		{F775D42B-3C9B-47B3-93F7-42C72D853308}.Debug|Any CPU.ActiveCfg = Debug|Any CPU
		{F775D42B-3C9B-47B3-93F7-42C72D853308}.Debug|Any CPU.Build.0 = Debug|Any CPU
		{F775D42B-3C9B-47B3-93F7-42C72D853308}.Release|Any CPU.ActiveCfg = Release|Any CPU
		{F775D42B-3C9B-47B3-93F7-42C72D853308}.Release|Any CPU.Build.0 = Release|Any CPU
	EndGlobalSection
	GlobalSection(SolutionProperties) = preSolution
		HideSolutionNode = FALSE
	EndGlobalSection
	GlobalSection(ExtensibilityGlobals) = postSolution
		SolutionGuid = {03BFBDE1-FED4-463B-9EB2-65FB461B3B4A}
	EndGlobalSection
EndGlobal
