
Microsoft Visual Studio Solution File, Format Version 12.00
# Visual Studio 15
VisualStudioVersion = 15.0.27428.2011
MinimumVisualStudioVersion = 10.0.40219.1
Project("{FAE04EC0-301F-11D3-BF4B-00C04F79EFBC}") = "AbstractFactory", "DesignPatterns\AbstractFactory.csproj", "{0D6479EC-1A43-423F-92F4-9E7B097086DE}"
EndProject
Project("{FAE04EC0-301F-11D3-BF4B-00C04F79EFBC}") = "Builder", "Builder\Builder.csproj", "{C4D40478-1DBC-47D2-BCFB-FBED7E8B9A2B}"
EndProject
Project("{FAE04EC0-301F-11D3-BF4B-00C04F79EFBC}") = "FactoryMethod", "FactoryMethod\FactoryMethod.csproj", "{1DC58BB1-CE31-480E-BBBE-D5A055E11503}"
EndProject
Project("{FAE04EC0-301F-11D3-BF4B-00C04F79EFBC}") = "Prototype", "Prototype\Prototype.csproj", "{3BD780EE-B9F9-4DEC-9F3A-CAE3509A2AF7}"
EndProject
Project("{FAE04EC0-301F-11D3-BF4B-00C04F79EFBC}") = "Singelton", "Singelton\Singelton.csproj", "{C2B57EBF-76DE-45A9-8214-C957FB8D623F}"
EndProject
Project("{FAE04EC0-301F-11D3-BF4B-00C04F79EFBC}") = "Adapter", "Adapter\Adapter.csproj", "{1FB2F48C-3B02-4BB2-8716-C44D94CA9F42}"
EndProject
Project("{FAE04EC0-301F-11D3-BF4B-00C04F79EFBC}") = "Decorator", "Decorator\Decorator.csproj", "{CD3527B3-7731-423D-9837-EAAFA02CF662}"
EndProject
Global
	GlobalSection(SolutionConfigurationPlatforms) = preSolution
		Debug|Any CPU = Debug|Any CPU
		Release|Any CPU = Release|Any CPU
	EndGlobalSection
	GlobalSection(ProjectConfigurationPlatforms) = postSolution
		{0D6479EC-1A43-423F-92F4-9E7B097086DE}.Debug|Any CPU.ActiveCfg = Debug|Any CPU
		{0D6479EC-1A43-423F-92F4-9E7B097086DE}.Debug|Any CPU.Build.0 = Debug|Any CPU
		{0D6479EC-1A43-423F-92F4-9E7B097086DE}.Release|Any CPU.ActiveCfg = Release|Any CPU
		{0D6479EC-1A43-423F-92F4-9E7B097086DE}.Release|Any CPU.Build.0 = Release|Any CPU
		{C4D40478-1DBC-47D2-BCFB-FBED7E8B9A2B}.Debug|Any CPU.ActiveCfg = Debug|Any CPU
		{C4D40478-1DBC-47D2-BCFB-FBED7E8B9A2B}.Debug|Any CPU.Build.0 = Debug|Any CPU
		{C4D40478-1DBC-47D2-BCFB-FBED7E8B9A2B}.Release|Any CPU.ActiveCfg = Release|Any CPU
		{C4D40478-1DBC-47D2-BCFB-FBED7E8B9A2B}.Release|Any CPU.Build.0 = Release|Any CPU
		{1DC58BB1-CE31-480E-BBBE-D5A055E11503}.Debug|Any CPU.ActiveCfg = Debug|Any CPU
		{1DC58BB1-CE31-480E-BBBE-D5A055E11503}.Debug|Any CPU.Build.0 = Debug|Any CPU
		{1DC58BB1-CE31-480E-BBBE-D5A055E11503}.Release|Any CPU.ActiveCfg = Release|Any CPU
		{1DC58BB1-CE31-480E-BBBE-D5A055E11503}.Release|Any CPU.Build.0 = Release|Any CPU
		{3BD780EE-B9F9-4DEC-9F3A-CAE3509A2AF7}.Debug|Any CPU.ActiveCfg = Debug|Any CPU
		{3BD780EE-B9F9-4DEC-9F3A-CAE3509A2AF7}.Debug|Any CPU.Build.0 = Debug|Any CPU
		{3BD780EE-B9F9-4DEC-9F3A-CAE3509A2AF7}.Release|Any CPU.ActiveCfg = Release|Any CPU
		{3BD780EE-B9F9-4DEC-9F3A-CAE3509A2AF7}.Release|Any CPU.Build.0 = Release|Any CPU
		{C2B57EBF-76DE-45A9-8214-C957FB8D623F}.Debug|Any CPU.ActiveCfg = Debug|Any CPU
		{C2B57EBF-76DE-45A9-8214-C957FB8D623F}.Debug|Any CPU.Build.0 = Debug|Any CPU
		{C2B57EBF-76DE-45A9-8214-C957FB8D623F}.Release|Any CPU.ActiveCfg = Release|Any CPU
		{C2B57EBF-76DE-45A9-8214-C957FB8D623F}.Release|Any CPU.Build.0 = Release|Any CPU
		{1FB2F48C-3B02-4BB2-8716-C44D94CA9F42}.Debug|Any CPU.ActiveCfg = Debug|Any CPU
		{1FB2F48C-3B02-4BB2-8716-C44D94CA9F42}.Debug|Any CPU.Build.0 = Debug|Any CPU
		{1FB2F48C-3B02-4BB2-8716-C44D94CA9F42}.Release|Any CPU.ActiveCfg = Release|Any CPU
		{1FB2F48C-3B02-4BB2-8716-C44D94CA9F42}.Release|Any CPU.Build.0 = Release|Any CPU
		{CD3527B3-7731-423D-9837-EAAFA02CF662}.Debug|Any CPU.ActiveCfg = Debug|Any CPU
		{CD3527B3-7731-423D-9837-EAAFA02CF662}.Debug|Any CPU.Build.0 = Debug|Any CPU
		{CD3527B3-7731-423D-9837-EAAFA02CF662}.Release|Any CPU.ActiveCfg = Release|Any CPU
		{CD3527B3-7731-423D-9837-EAAFA02CF662}.Release|Any CPU.Build.0 = Release|Any CPU
	EndGlobalSection
	GlobalSection(SolutionProperties) = preSolution
		HideSolutionNode = FALSE
	EndGlobalSection
	GlobalSection(ExtensibilityGlobals) = postSolution
		SolutionGuid = {03BFBDE1-FED4-463B-9EB2-65FB461B3B4A}
	EndGlobalSection
EndGlobal
